// !$*UTF8*$!
{
	archiveVersion = 1;
	classes = {
	};
	objectVersion = 38;
	objects = {
		0500C173048D923D00CA2DAA = {
			isa = PBXFileReference;
			name = English;
			path = English.lproj/Credits.rtf;
			refType = 4;
		};
		0500C175048D924600CA2DAA = {
			children = (
				0500C173048D923D00CA2DAA,
			);
			isa = PBXVariantGroup;
			name = Credits.rtf;
			refType = 4;
		};
		0500C176048D924600CA2DAA = {
			fileRef = 0500C175048D924600CA2DAA;
			isa = PBXBuildFile;
			settings = {
			};
		};
		0500C177048D978700CA2DAA = {
			isa = PBXFileReference;
			name = English;
			path = English.lproj/Credits.rtf;
			refType = 4;
		};
		0500C179048D978C00CA2DAA = {
			children = (
				0500C177048D978700CA2DAA,
			);
			isa = PBXVariantGroup;
			name = Credits.rtf;
			refType = 4;
		};
		0500C17A048D978C00CA2DAA = {
			fileRef = 0500C179048D978C00CA2DAA;
			isa = PBXBuildFile;
			settings = {
			};
		};
		05507AB80457596700CA2DB2 = {
			isa = PBXFileReference;
			path = StatusItem_Reveal.tiff;
			refType = 4;
		};
		05507AB90457596700CA2DB2 = {
			isa = PBXFileReference;
			path = StatusItem_RevealPressed.tiff;
			refType = 4;
		};
		05507ABA0457596700CA2DB2 = {
			isa = PBXFileReference;
			path = StatusItem_Stop.tiff;
			refType = 4;
		};
		05507ABB0457596700CA2DB2 = {
			isa = PBXFileReference;
			path = StatusItem_StopPressed.tiff;
			refType = 4;
		};
		05507ABD0457596700CA2DB2 = {
			fileRef = 05507AB80457596700CA2DB2;
			isa = PBXBuildFile;
			settings = {
			};
		};
		05507ABE0457596700CA2DB2 = {
			fileRef = 05507AB90457596700CA2DB2;
			isa = PBXBuildFile;
			settings = {
			};
		};
		05507ABF0457596700CA2DB2 = {
			fileRef = 05507ABA0457596700CA2DB2;
			isa = PBXBuildFile;
			settings = {
			};
		};
		05507AC00457596700CA2DB2 = {
			fileRef = 05507ABB0457596700CA2DB2;
			isa = PBXBuildFile;
			settings = {
			};
		};
		05507AC20457724200CA2DB2 = {
			children = (
				05507AC30457724200CA2DB2,
			);
			isa = PBXVariantGroup;
			name = StatusItemView.nib;
			path = "";
			refType = 4;
		};
		05507AC30457724200CA2DB2 = {
			isa = PBXFileReference;
			name = StatusItemView.nib;
			path = English.lproj/StatusItemView.nib;
			refType = 4;
		};
		05507AC40457724200CA2DB2 = {
			children = (
				05507AC50457724200CA2DB2,
			);
			isa = PBXVariantGroup;
			name = StatusView.nib;
			path = "";
			refType = 4;
		};
		05507AC50457724200CA2DB2 = {
			isa = PBXFileReference;
			name = StatusView.nib;
			path = English.lproj/StatusView.nib;
			refType = 4;
		};
		05507AC60457724200CA2DB2 = {
			fileRef = 05507AC20457724200CA2DB2;
			isa = PBXBuildFile;
			settings = {
			};
		};
		05507AC70457724200CA2DB2 = {
			fileRef = 05507AC40457724200CA2DB2;
			isa = PBXBuildFile;
			settings = {
			};
		};
		05507AC80457744C00CA2DB2 = {
			fileEncoding = 30;
			isa = PBXFileReference;
			path = PMStatusItemView.h;
			refType = 4;
		};
		05507AC90457744C00CA2DB2 = {
			fileEncoding = 30;
			isa = PBXFileReference;
			path = PMStatusItemView.m;
			refType = 4;
		};
		05507ACA0457744C00CA2DB2 = {
			fileEncoding = 30;
			isa = PBXFileReference;
			path = PMStatusView.h;
			refType = 4;
		};
		05507ACB0457744C00CA2DB2 = {
			fileEncoding = 30;
			isa = PBXFileReference;
			path = PMStatusView.m;
			refType = 4;
		};
		05507ACD0457744C00CA2DB2 = {
			fileRef = 05507AC90457744C00CA2DB2;
			isa = PBXBuildFile;
			settings = {
			};
		};
		05507ACE0457744C00CA2DB2 = {
			fileRef = 05507ACA0457744C00CA2DB2;
			isa = PBXBuildFile;
			settings = {
			};
		};
		05507ACF0457744C00CA2DB2 = {
			fileRef = 05507ACB0457744C00CA2DB2;
			isa = PBXBuildFile;
			settings = {
			};
		};
		05507AD104577B8300CA2DB2 = {
			fileEncoding = 30;
			isa = PBXFileReference;
			path = PMStatusController.h;
			refType = 4;
		};
		05507AD204577B8300CA2DB2 = {
			fileEncoding = 30;
			isa = PBXFileReference;
			path = PMStatusController.m;
			refType = 4;
		};
		05507AD304577B8300CA2DB2 = {
			fileRef = 05507AD104577B8300CA2DB2;
			isa = PBXBuildFile;
			settings = {
			};
		};
		05507AD404577B8300CA2DB2 = {
			fileRef = 05507AD204577B8300CA2DB2;
			isa = PBXBuildFile;
			settings = {
			};
		};
		05507AD70457BCEC00CA2DB2 = {
			fileRef = 05507AC80457744C00CA2DB2;
			isa = PBXBuildFile;
			settings = {
			};
		};
		0567C4D1047C91FF00F9CC84 = {
			children = (
				0567C4D2047C91FF00F9CC84,
			);
			isa = PBXVariantGroup;
			name = InfoPlist.strings;
			path = "";
			refType = 4;
		};
		0567C4D2047C91FF00F9CC84 = {
			fileEncoding = 10;
			isa = PBXFileReference;
			name = InfoPlist.strings;
			path = English.lproj/InfoPlist.strings;
			refType = 4;
		};
		0567C4D3047C91FF00F9CC84 = {
			fileRef = 0567C4D1047C91FF00F9CC84;
			isa = PBXBuildFile;
			settings = {
			};
		};
		056E015E047B264B001D1C5E = {
			children = (
				056E016D047B7775001D1C5E,
			);
			isa = PBXGroup;
			path = Images;
			refType = 4;
		};
		056E016D047B7775001D1C5E = {
			isa = PBXFileReference;
			path = hexley.tiff;
			refType = 4;
		};
		056E016E047B7775001D1C5E = {
			fileRef = 056E016D047B7775001D1C5E;
			isa = PBXBuildFile;
			settings = {
			};
		};
		056E016F047B7C85001D1C5E = {
			fileEncoding = 4;
			isa = PBXFileReference;
			path = DPConsole.h;
			refType = 4;
		};
		056E0170047B7C85001D1C5E = {
			fileEncoding = 4;
			isa = PBXFileReference;
			path = DPConsole.m;
			refType = 4;
		};
		056E0171047B7C85001D1C5E = {
			fileRef = 056E016F047B7C85001D1C5E;
			isa = PBXBuildFile;
			settings = {
			};
		};
		056E0172047B7C85001D1C5E = {
			fileRef = 056E0170047B7C85001D1C5E;
			isa = PBXBuildFile;
			settings = {
			};
		};
		056E0173047B7D7E001D1C5E = {
			isa = PBXFileReference;
			name = English;
			path = English.lproj/Console.nib;
			refType = 4;
		};
		056E0175047B7D98001D1C5E = {
			children = (
				056E0173047B7D7E001D1C5E,
			);
			isa = PBXVariantGroup;
			name = Console.nib;
			refType = 4;
		};
		056E0176047B7D98001D1C5E = {
			fileRef = 056E0175047B7D98001D1C5E;
			isa = PBXBuildFile;
			settings = {
			};
		};
		056E0177047B8BE0001D1C5E = {
			isa = PBXFileReference;
			path = "DarwinPorts Installer.icns";
			refType = 4;
		};
		056E0178047B8BE0001D1C5E = {
			fileRef = 056E0177047B8BE0001D1C5E;
			isa = PBXBuildFile;
			settings = {
			};
		};
		05D7BA7804798BFE00A80002 = {
			buildActionMask = 2147483647;
			files = (
				05D7BB45047991FC00A80002,
				05D7BB47047991FC00A80002,
				056E0171047B7C85001D1C5E,
			);
			isa = PBXHeadersBuildPhase;
			runOnlyForDeploymentPostprocessing = 0;
		};
		05D7BA7904798BFE00A80002 = {
			buildActionMask = 2147483647;
			files = (
				05D7BB4A047991FC00A80002,
				05D7BB4B047991FC00A80002,
				05D7BB4C047991FC00A80002,
				05D7BB7E0479958A00A80002,
				056E016E047B7775001D1C5E,
				056E0176047B7D98001D1C5E,
				056E0178047B8BE0001D1C5E,
				0500C17A048D978C00CA2DAA,
			);
			isa = PBXResourcesBuildPhase;
			runOnlyForDeploymentPostprocessing = 0;
		};
		05D7BA7A04798BFE00A80002 = {
			buildActionMask = 2147483647;
			files = (
				05D7BB46047991FC00A80002,
				05D7BB48047991FC00A80002,
				05D7BB49047991FC00A80002,
				056E0172047B7C85001D1C5E,
			);
			isa = PBXSourcesBuildPhase;
			runOnlyForDeploymentPostprocessing = 0;
		};
		05D7BA7B04798BFE00A80002 = {
			buildActionMask = 2147483647;
			files = (
				05D7BB040479906900A80002,
				05D7BB0E0479908B00A80002,
			);
			isa = PBXFrameworksBuildPhase;
			runOnlyForDeploymentPostprocessing = 0;
		};
		05D7BA7C04798BFE00A80002 = {
			buildActionMask = 2147483647;
			files = (
			);
			isa = PBXRezBuildPhase;
			runOnlyForDeploymentPostprocessing = 0;
		};
		05D7BA7D04798BFE00A80002 = {
			buildPhases = (
				05D7BA7804798BFE00A80002,
				05D7BA7904798BFE00A80002,
				05D7BA7A04798BFE00A80002,
				05D7BA7B04798BFE00A80002,
				05D7BA7C04798BFE00A80002,
			);
			buildSettings = {
				OTHER_CFLAGS = "";
				OTHER_LDFLAGS = "";
				OTHER_REZFLAGS = "";
				PRODUCT_NAME = "DarwinPorts Installer";
				SECTORDER_FLAGS = "";
				WARNING_CFLAGS = "-Wmost -Wno-four-char-constants -Wno-unknown-pragmas";
				WRAPPER_EXTENSION = app;
			};
			dependencies = (
				05D7BA8704798D7400A80002,
			);
			isa = PBXApplicationTarget;
			name = "DarwinPorts Installer";
			productInstallPath = "$(USER_APPS_DIR)";
			productName = "DarwinPorts Installer";
			productReference = 05D7BA7E04798BFE00A80002;
			productSettingsXML = "<?xml version=\"1.0\" encoding=\"UTF-8\"?>
<!DOCTYPE plist PUBLIC \"-//Apple Computer//DTD PLIST 1.0//EN\" \"http://www.apple.com/DTDs/PropertyList-1.0.dtd\">
<plist version=\"1.0\">
<dict>
	<key>CFBundleDevelopmentRegion</key>
	<string>English</string>
	<key>CFBundleExecutable</key>
	<string>DarwinPorts Installer</string>
	<key>CFBundleGetInfoString</key>
	<string></string>
	<key>CFBundleIconFile</key>
	<string>DarwinPorts Installer</string>
	<key>CFBundleIdentifier</key>
	<string>org.opendarwin.DarwinPortsInstaller</string>
	<key>CFBundleInfoDictionaryVersion</key>
	<string>6.0</string>
	<key>CFBundleName</key>
	<string>DarwinPorts Installer</string>
	<key>CFBundlePackageType</key>
	<string>APPL</string>
	<key>CFBundleShortVersionString</key>
	<string>1.0.1</string>
	<key>CFBundleSignature</key>
	<string>????</string>
	<key>CFBundleVersion</key>
	<string>1.0.1</string>
	<key>NSMainNibFile</key>
	<string>MainMenu</string>
	<key>NSPrincipalClass</key>
	<string>NSApplication</string>
</dict>
</plist>
";
		};
		05D7BA7E04798BFE00A80002 = {
			isa = PBXApplicationReference;
			path = "DarwinPorts Installer.app";
			refType = 3;
		};
		05D7BA8004798D7000A80002 = {
			buildActionMask = 2147483647;
			files = (
				05D7BB510479928500A80002,
				05D7BB530479928700A80002,
				05D7BB550479928700A80002,
			);
			isa = PBXHeadersBuildPhase;
			runOnlyForDeploymentPostprocessing = 0;
		};
		05D7BA8104798D7000A80002 = {
			buildActionMask = 2147483647;
			files = (
				05D7BB520479928500A80002,
				05D7BB540479928700A80002,
				05D7BB560479928900A80002,
			);
			isa = PBXSourcesBuildPhase;
			runOnlyForDeploymentPostprocessing = 0;
		};
		05D7BA8204798D7000A80002 = {
			buildActionMask = 2147483647;
			files = (
				05D7BB060479907900A80002,
			);
			isa = PBXFrameworksBuildPhase;
			runOnlyForDeploymentPostprocessing = 0;
		};
		05D7BA8304798D7000A80002 = {
			buildActionMask = 2147483647;
			files = (
			);
			isa = PBXRezBuildPhase;
			runOnlyForDeploymentPostprocessing = 0;
		};
		05D7BA8404798D7000A80002 = {
			buildPhases = (
				05D7BA8004798D7000A80002,
				05D7BA8104798D7000A80002,
				05D7BA8204798D7000A80002,
				05D7BA8304798D7000A80002,
			);
			buildSettings = {
				OTHER_CFLAGS = "";
				OTHER_LDFLAGS = "";
				OTHER_REZFLAGS = "";
				PRODUCT_NAME = dpinstaller;
				REZ_EXECUTABLE = YES;
				SECTORDER_FLAGS = "";
				WARNING_CFLAGS = "-Wmost -Wno-four-char-constants -Wno-unknown-pragmas";
			};
			dependencies = (
			);
			isa = PBXToolTarget;
			name = dpinstaller;
			productInstallPath = /usr/local/bin;
			productName = dpinstaller;
			productReference = 05D7BA8504798D7000A80002;
		};
		05D7BA8504798D7000A80002 = {
			isa = PBXExecutableFileReference;
			path = dpinstaller;
			refType = 3;
		};
		05D7BA8704798D7400A80002 = {
			isa = PBXTargetDependency;
			target = 05D7BA8404798D7000A80002;
		};
		05D7BA8804798D7500A80002 = {
			isa = PBXTargetDependency;
			target = 05D7BA7D04798BFE00A80002;
		};
		05D7BA8A04798E9C00A80002 = {
			children = (
				05D7BB3C047991FC00A80002,
				05D7BB2F047991FB00A80002,
				05D7BB2A047991FB00A80002,
			);
			isa = PBXGroup;
			path = "DarwinPorts Installer";
			refType = 4;
		};
		05D7BB040479906900A80002 = {
			fileRef = 1058C7A1FEA54F0111CA2CBB;
			isa = PBXBuildFile;
			settings = {
			};
		};
		05D7BB050479907900A80002 = {
			isa = PBXFrameworkReference;
			name = AppKit.framework;
			path = /System/Library/Frameworks/AppKit.framework;
			refType = 0;
		};
		05D7BB060479907900A80002 = {
			fileRef = 05D7BB050479907900A80002;
			isa = PBXBuildFile;
			settings = {
			};
		};
		05D7BB0D0479908B00A80002 = {
			isa = PBXFrameworkReference;
			name = Security.framework;
			path = /System/Library/Frameworks/Security.framework;
			refType = 0;
		};
		05D7BB0E0479908B00A80002 = {
			fileRef = 05D7BB0D0479908B00A80002;
			isa = PBXBuildFile;
			settings = {
			};
		};
		05D7BB2A047991FB00A80002 = {
			children = (
				05D7BB2B047991FB00A80002,
				05D7BB2C047991FB00A80002,
			);
			isa = PBXGroup;
			path = Categories;
			refType = 4;
		};
		05D7BB2B047991FB00A80002 = {
			fileEncoding = 30;
			isa = PBXFileReference;
			path = DPTaskExtensions.h;
			refType = 4;
		};
		05D7BB2C047991FB00A80002 = {
			fileEncoding = 30;
			isa = PBXFileReference;
			path = DPTaskExtensions.m;
			refType = 4;
		};
		05D7BB2F047991FB00A80002 = {
			children = (
				05D7BB30047991FB00A80002,
				05D7BB31047991FB00A80002,
				056E016F047B7C85001D1C5E,
				056E0170047B7C85001D1C5E,
				05D7BB32047991FB00A80002,
				05D7BB33047991FB00A80002,
				05D7BB34047991FB00A80002,
				05D7BB35047991FB00A80002,
			);
			isa = PBXGroup;
			path = DPApp;
			refType = 4;
		};
		05D7BB30047991FB00A80002 = {
			fileEncoding = 30;
			isa = PBXFileReference;
			path = DPApp.h;
			refType = 4;
		};
		05D7BB31047991FB00A80002 = {
			fileEncoding = 30;
			isa = PBXFileReference;
			path = DPApp.m;
			refType = 4;
		};
		05D7BB32047991FB00A80002 = {
			fileEncoding = 30;
			isa = PBXFileReference;
			path = DPInstallWindow.h;
			refType = 4;
		};
		05D7BB33047991FB00A80002 = {
			fileEncoding = 30;
			isa = PBXFileReference;
			path = DPInstallWindow.m;
			refType = 4;
		};
		05D7BB34047991FB00A80002 = {
			fileEncoding = 30;
			isa = PBXFileReference;
			path = main.m;
			refType = 4;
		};
		05D7BB35047991FB00A80002 = {
			children = (
				056E015E047B264B001D1C5E,
				05D7BB36047991FB00A80002,
				0500C179048D978C00CA2DAA,
				05D7BB38047991FC00A80002,
				05D7BB3A047991FC00A80002,
				056E0175047B7D98001D1C5E,
				05D7BA8504798D7000A80002,
				056E0177047B8BE0001D1C5E,
			);
			isa = PBXGroup;
			path = Resources;
			refType = 4;
		};
		05D7BB36047991FB00A80002 = {
			children = (
				05D7BB37047991FB00A80002,
			);
			isa = PBXVariantGroup;
			name = InfoPlist.strings;
			path = "";
			refType = 4;
		};
		05D7BB37047991FB00A80002 = {
			fileEncoding = 10;
			isa = PBXFileReference;
			name = English;
			path = English.lproj/InfoPlist.strings;
			refType = 4;
		};
		05D7BB38047991FC00A80002 = {
			children = (
				05D7BB39047991FC00A80002,
			);
			isa = PBXVariantGroup;
			name = InstallerWindow.nib;
			path = "";
			refType = 4;
		};
		05D7BB39047991FC00A80002 = {
			isa = PBXFileReference;
			name = English;
			path = English.lproj/InstallerWindow.nib;
			refType = 4;
		};
		05D7BB3A047991FC00A80002 = {
			children = (
				05D7BB3B047991FC00A80002,
			);
			isa = PBXVariantGroup;
			name = MainMenu.nib;
			path = "";
			refType = 4;
		};
		05D7BB3B047991FC00A80002 = {
			isa = PBXFileReference;
			name = English;
			path = English.lproj/MainMenu.nib;
			refType = 4;
		};
		05D7BB3C047991FC00A80002 = {
			children = (
				05D7BB3D047991FC00A80002,
				05D7BB3E047991FC00A80002,
				05D7BB3F047991FC00A80002,
				05D7BB40047991FC00A80002,
			);
			isa = PBXGroup;
			path = DPInstaller;
			refType = 4;
		};
		05D7BB3D047991FC00A80002 = {
			fileEncoding = 30;
			isa = PBXFileReference;
			path = DPInstaller.h;
			refType = 4;
		};
		05D7BB3E047991FC00A80002 = {
			fileEncoding = 30;
			isa = PBXFileReference;
			path = DPInstaller.m;
			refType = 4;
		};
		05D7BB3F047991FC00A80002 = {
			fileEncoding = 30;
			isa = PBXFileReference;
			path = DPInstallerProtocol.h;
			refType = 4;
		};
		05D7BB40047991FC00A80002 = {
			fileEncoding = 30;
			isa = PBXFileReference;
			path = main.m;
			refType = 4;
		};
		05D7BB45047991FC00A80002 = {
			fileRef = 05D7BB30047991FB00A80002;
			isa = PBXBuildFile;
			settings = {
			};
		};
		05D7BB46047991FC00A80002 = {
			fileRef = 05D7BB31047991FB00A80002;
			isa = PBXBuildFile;
			settings = {
			};
		};
		05D7BB47047991FC00A80002 = {
			fileRef = 05D7BB32047991FB00A80002;
			isa = PBXBuildFile;
			settings = {
			};
		};
		05D7BB48047991FC00A80002 = {
			fileRef = 05D7BB33047991FB00A80002;
			isa = PBXBuildFile;
			settings = {
			};
		};
		05D7BB49047991FC00A80002 = {
			fileRef = 05D7BB34047991FB00A80002;
			isa = PBXBuildFile;
			settings = {
			};
		};
		05D7BB4A047991FC00A80002 = {
			fileRef = 05D7BB36047991FB00A80002;
			isa = PBXBuildFile;
			settings = {
			};
		};
		05D7BB4B047991FC00A80002 = {
			fileRef = 05D7BB38047991FC00A80002;
			isa = PBXBuildFile;
			settings = {
			};
		};
		05D7BB4C047991FC00A80002 = {
			fileRef = 05D7BB3A047991FC00A80002;
			isa = PBXBuildFile;
			settings = {
			};
		};
		05D7BB510479928500A80002 = {
			fileRef = 05D7BB2B047991FB00A80002;
			isa = PBXBuildFile;
			settings = {
			};
		};
		05D7BB520479928500A80002 = {
			fileRef = 05D7BB2C047991FB00A80002;
			isa = PBXBuildFile;
			settings = {
			};
		};
		05D7BB530479928700A80002 = {
			fileRef = 05D7BB3D047991FC00A80002;
			isa = PBXBuildFile;
			settings = {
			};
		};
		05D7BB540479928700A80002 = {
			fileRef = 05D7BB3E047991FC00A80002;
			isa = PBXBuildFile;
			settings = {
			};
		};
		05D7BB550479928700A80002 = {
			fileRef = 05D7BB3F047991FC00A80002;
			isa = PBXBuildFile;
			settings = {
			};
		};
		05D7BB560479928900A80002 = {
			fileRef = 05D7BB40047991FC00A80002;
			isa = PBXBuildFile;
			settings = {
			};
		};
		05D7BB7E0479958A00A80002 = {
			fileRef = 05D7BA8504798D7000A80002;
			isa = PBXBuildFile;
			settings = {
			};
		};
		05D7BBAA047995D700A80002 = {
			fileRef = 05D7BA7E04798BFE00A80002;
			isa = PBXBuildFile;
			settings = {
			};
		};
//050
//051
//052
//053
//054
//100
//101
//102
//103
//104
		1058C7A1FEA54F0111CA2CBB = {
			isa = PBXFrameworkReference;
			name = Cocoa.framework;
			path = /System/Library/Frameworks/Cocoa.framework;
			refType = 0;
		};
		1058C7A3FEA54F0111CA2CBB = {
			fileRef = 1058C7A1FEA54F0111CA2CBB;
			isa = PBXBuildFile;
			settings = {
			};
		};
//100
//101
//102
//103
//104
//170
//171
//172
//173
//174
		17587328FF379C6511CA2CBB = {
			isa = PBXApplicationReference;
			path = "Ports Manager.app";
			refType = 3;
		};
		1788172703CA47BE00CB2C3D = {
			isa = PBXFileReference;
			path = PortsManager.icns;
			refType = 4;
		};
		1788172803CA47BE00CB2C3D = {
			isa = PBXFileReference;
			path = Build.tiff;
			refType = 4;
		};
		1788172903CA47BE00CB2C3D = {
			isa = PBXFileReference;
			path = Checksum.tiff;
			refType = 4;
		};
		1788172A03CA47BE00CB2C3D = {
			isa = PBXFileReference;
			path = Clean.tiff;
			refType = 4;
		};
		1788172B03CA47BE00CB2C3D = {
			isa = PBXFileReference;
			path = Console.tiff;
			refType = 4;
		};
		1788172C03CA47BE00CB2C3D = {
			isa = PBXFileReference;
			path = Fetch.tiff;
			refType = 4;
		};
		1788172D03CA47BE00CB2C3D = {
			isa = PBXFileReference;
			path = Install.tiff;
			refType = 4;
		};
		1788172E03CA47BE00CB2C3D = {
			isa = PBXFileReference;
			path = Package.tiff;
			refType = 4;
		};
		1788172F03CA47BE00CB2C3D = {
			isa = PBXFileReference;
			path = Reload.tiff;
			refType = 4;
		};
		1788173003CA47BE00CB2C3D = {
			fileRef = 1788172703CA47BE00CB2C3D;
			isa = PBXBuildFile;
			settings = {
			};
		};
		1788173103CA47BE00CB2C3D = {
			fileRef = 1788172803CA47BE00CB2C3D;
			isa = PBXBuildFile;
			settings = {
			};
		};
		1788173203CA47BE00CB2C3D = {
			fileRef = 1788172903CA47BE00CB2C3D;
			isa = PBXBuildFile;
			settings = {
			};
		};
		1788173303CA47BE00CB2C3D = {
			fileRef = 1788172A03CA47BE00CB2C3D;
			isa = PBXBuildFile;
			settings = {
			};
		};
		1788173403CA47BE00CB2C3D = {
			fileRef = 1788172B03CA47BE00CB2C3D;
			isa = PBXBuildFile;
			settings = {
			};
		};
		1788173503CA47BE00CB2C3D = {
			fileRef = 1788172C03CA47BE00CB2C3D;
			isa = PBXBuildFile;
			settings = {
			};
		};
		1788173603CA47BE00CB2C3D = {
			fileRef = 1788172D03CA47BE00CB2C3D;
			isa = PBXBuildFile;
			settings = {
			};
		};
		1788173703CA47BE00CB2C3D = {
			fileRef = 1788172E03CA47BE00CB2C3D;
			isa = PBXBuildFile;
			settings = {
			};
		};
		1788173803CA47BE00CB2C3D = {
			fileRef = 1788172F03CA47BE00CB2C3D;
			isa = PBXBuildFile;
			settings = {
			};
		};
//170
//171
//172
//173
//174
//190
//191
//192
//193
//194
		19C28FACFE9D520D11CA2CBB = {
			children = (
				17587328FF379C6511CA2CBB,
			);
			isa = PBXGroup;
			name = Products;
			refType = 4;
		};
//190
//191
//192
//193
//194
//290
//291
//292
//293
//294
		29B97313FDCFA39411CA2CEA = {
			buildStyles = (
				4A9504CCFFE6A4B311CA0CBA,
				4A9504CDFFE6A4B311CA0CBA,
				726882DE036A126703CB2C3E,
			);
			hasScannedForEncodings = 1;
			isa = PBXProject;
			mainGroup = 29B97314FDCFA39411CA2CEA;
			projectDirPath = "";
			targets = (
				29B97326FDCFA39411CA2CEA,
				F537476103EECFD001A80001,
				05D7BA7D04798BFE00A80002,
				05D7BA8404798D7000A80002,
			);
		};
		29B97314FDCFA39411CA2CEA = {
			children = (
				F55BD9B903E2088D0100010E,
				F55BD9BA03E208AE0100010E,
				05D7BA8A04798E9C00A80002,
				29B97323FDCFA39411CA2CEA,
				19C28FACFE9D520D11CA2CBB,
			);
			isa = PBXGroup;
			name = DarwinPorts;
			path = "";
			refType = 4;
		};
		29B97316FDCFA39411CA2CEA = {
			fileEncoding = 30;
			isa = PBXFileReference;
			path = main.m;
			refType = 4;
		};
		29B97317FDCFA39411CA2CEA = {
			children = (
				F5EEC0FD03F83EF401A80001,
				F55BD9B603E1F9ED0100010E,
				F55BD9B003E1F3CE0100010E,
				05507AC20457724200CA2DB2,
				05507AC40457724200CA2DB2,
				0500C175048D924600CA2DAA,
				474CF6AB03CA876A00A80166,
				1788172703CA47BE00CB2C3D,
				F55BD9C303E20A8B0100010E,
				0567C4D1047C91FF00F9CC84,
				F5FE13B903EB1AF501A80001,
				05D7BA7E04798BFE00A80002,
				F537476203EECFD001A80001,
			);
			isa = PBXGroup;
			path = Resources;
			refType = 4;
		};
		29B97323FDCFA39411CA2CEA = {
			children = (
				05D7BB050479907900A80002,
				1058C7A1FEA54F0111CA2CBB,
				05D7BB0D0479908B00A80002,
			);
			isa = PBXGroup;
			name = Frameworks;
			path = "";
			refType = 4;
		};
		29B97326FDCFA39411CA2CEA = {
			buildPhases = (
				29B97327FDCFA39411CA2CEA,
				29B97328FDCFA39411CA2CEA,
				29B9732BFDCFA39411CA2CEA,
				29B9732DFDCFA39411CA2CEA,
			);
			buildSettings = {
				FRAMEWORK_SEARCH_PATHS = "";
				HEADER_SEARCH_PATHS = "";
				INSTALL_PATH = /Applications/Utilities;
				LIBRARY_SEARCH_PATHS = "";
				OTHER_CFLAGS = "";
				OTHER_LDFLAGS = "-l tcl";
				PRODUCT_NAME = "Ports Manager";
				SECTORDER_FLAGS = "";
				WARNING_CFLAGS = "-Wmost -Wno-four-char-constants -Wno-unknown-pragmas";
				WRAPPER_EXTENSION = app;
			};
			dependencies = (
				05D7BA8804798D7500A80002,
				F537476403EECFD401A80001,
			);
			isa = PBXApplicationTarget;
			name = "Ports Manager";
			productInstallPath = /Applications/Utilities;
			productName = DarwinPorts;
			productReference = 17587328FF379C6511CA2CBB;
			productSettingsXML = "<?xml version=\"1.0\" encoding=\"UTF-8\"?>
<!DOCTYPE plist PUBLIC \"-//Apple Computer//DTD PLIST 1.0//EN\" \"http://www.apple.com/DTDs/PropertyList-1.0.dtd\">
<plist version=\"1.0\">
<dict>
	<key>CFBundleDevelopmentRegion</key>
	<string>English</string>
	<key>CFBundleExecutable</key>
	<string>Ports Manager</string>
	<key>CFBundleIconFile</key>
	<string>PortsManager</string>
	<key>CFBundleIdentifier</key>
	<string>org.opendarwin.PortsManager</string>
	<key>CFBundleInfoDictionaryVersion</key>
	<string>6.0</string>
	<key>CFBundleName</key>
	<string>Ports Manager</string>
	<key>CFBundlePackageType</key>
	<string>APPL</string>
	<key>CFBundleShortVersionString</key>
	<string>1.0.1</string>
	<key>CFBundleSignature</key>
	<string>????</string>
	<key>CFBundleVersion</key>
	<string>1.0.1</string>
	<key>NSMainNibFile</key>
	<string>MainMenu</string>
	<key>NSPrincipalClass</key>
	<string>NSApplication</string>
</dict>
</plist>
";
		};
		29B97327FDCFA39411CA2CEA = {
			buildActionMask = 2147483647;
			files = (
				F55BD9C703E20B870100010E,
				F5AC4C9603E215FB0100010E,
				F50DBC7B03EF11AF01A80001,
				F5EEC10203F95F2501A80001,
				05507ACE0457744C00CA2DB2,
				05507AD304577B8300CA2DB2,
				05507AD70457BCEC00CA2DB2,
			);
			isa = PBXHeadersBuildPhase;
			runOnlyForDeploymentPostprocessing = 0;
		};
		29B97328FDCFA39411CA2CEA = {
			buildActionMask = 2147483647;
			files = (
				1788173003CA47BE00CB2C3D,
				1788173103CA47BE00CB2C3D,
				1788173203CA47BE00CB2C3D,
				1788173303CA47BE00CB2C3D,
				1788173403CA47BE00CB2C3D,
				1788173503CA47BE00CB2C3D,
				1788173603CA47BE00CB2C3D,
				1788173703CA47BE00CB2C3D,
				1788173803CA47BE00CB2C3D,
				F55BD9B203E1F3CE0100010E,
				F55BD9B803E1F9ED0100010E,
				F55BD9C403E20A8B0100010E,
				F5537E9703E9EB6301000113,
				F5FE13BA03EB1AF501A80001,
				F50DBC6803EF059801A80001,
				F5EEC0FF03F83EF401A80001,
				05507ABD0457596700CA2DB2,
				05507ABE0457596700CA2DB2,
				05507ABF0457596700CA2DB2,
				05507AC00457596700CA2DB2,
				05507AC60457724200CA2DB2,
				05507AC70457724200CA2DB2,
				05D7BBAA047995D700A80002,
				0567C4D3047C91FF00F9CC84,
				0500C176048D924600CA2DAA,
			);
			isa = PBXResourcesBuildPhase;
			runOnlyForDeploymentPostprocessing = 0;
		};
		29B9732BFDCFA39411CA2CEA = {
			buildActionMask = 2147483647;
			files = (
				29B9732CFDCFA39411CA2CEA,
				F55BD9C803E20B870100010E,
				F5AC4C9703E215FC0100010E,
				F5EEC10303F95F2501A80001,
				05507ACD0457744C00CA2DB2,
				05507ACF0457744C00CA2DB2,
				05507AD404577B8300CA2DB2,
			);
			isa = PBXSourcesBuildPhase;
			runOnlyForDeploymentPostprocessing = 0;
		};
		29B9732CFDCFA39411CA2CEA = {
			fileRef = 29B97316FDCFA39411CA2CEA;
			isa = PBXBuildFile;
			settings = {
				ATTRIBUTES = (
				);
			};
		};
		29B9732DFDCFA39411CA2CEA = {
			buildActionMask = 2147483647;
			files = (
				1058C7A3FEA54F0111CA2CBB,
			);
			isa = PBXFrameworksBuildPhase;
			runOnlyForDeploymentPostprocessing = 0;
		};
//290
//291
//292
//293
//294
//470
//471
//472
//473
//474
		474CF6AB03CA876A00A80166 = {
			children = (
				1788172803CA47BE00CB2C3D,
				1788172903CA47BE00CB2C3D,
				1788172A03CA47BE00CB2C3D,
				F5537E9603E9EB6301000113,
				1788172B03CA47BE00CB2C3D,
				05507AB80457596700CA2DB2,
				05507AB90457596700CA2DB2,
				05507ABA0457596700CA2DB2,
				05507ABB0457596700CA2DB2,
				1788172C03CA47BE00CB2C3D,
				1788172D03CA47BE00CB2C3D,
				1788172E03CA47BE00CB2C3D,
				1788172F03CA47BE00CB2C3D,
			);
			isa = PBXGroup;
			path = Images;
			refType = 4;
		};
//470
//471
//472
//473
//474
//4A0
//4A1
//4A2
//4A3
//4A4
		4A9504CCFFE6A4B311CA0CBA = {
			buildRules = (
			);
			buildSettings = {
				COPY_PHASE_STRIP = NO;
				OPTIMIZATION_CFLAGS = "-O0";
			};
			isa = PBXBuildStyle;
			name = Development;
		};
		4A9504CDFFE6A4B311CA0CBA = {
			buildRules = (
			);
			buildSettings = {
				COPY_PHASE_STRIP = YES;
			};
			isa = PBXBuildStyle;
			name = Deployment;
		};
//4A0
//4A1
//4A2
//4A3
//4A4
//720
//721
//722
//723
//724
		7211AAC2037048F303CB2C3E = {
			fileEncoding = 30;
			isa = PBXFileReference;
			path = DPObject.h;
			refType = 4;
		};
		7211AAC3037048F303CB2C3E = {
			fileEncoding = 30;
			isa = PBXFileReference;
			path = DPObject.m;
			refType = 4;
		};
		726882DE036A126703CB2C3E = {
			buildRules = (
			);
			buildSettings = {
				COPY_PHASE_STRIP = NO;
				TEST_AFTER_BUILD = YES;
			};
			isa = PBXBuildStyle;
			name = Test;
		};
		7292132B03674FB303CB2C3E = {
			fileEncoding = 30;
			isa = PBXFileReference;
			path = DPInterp.h;
			refType = 4;
		};
		7292132C03674FB303CB2C3E = {
			fileEncoding = 30;
			isa = PBXFileReference;
			path = DPInterp.m;
			refType = 4;
		};
//720
//721
//722
//723
//724
//F50
//F51
//F52
//F53
//F54
		F50DBC6803EF059801A80001 = {
			fileRef = F537476203EECFD001A80001;
			isa = PBXBuildFile;
			settings = {
			};
		};
		F50DBC7303EF102101A80001 = {
			fileEncoding = 30;
			isa = PBXFileReference;
			path = DPAgentProtocol.h;
			refType = 4;
		};
		F50DBC7403EF102101A80001 = {
			fileRef = F50DBC7303EF102101A80001;
			isa = PBXBuildFile;
			settings = {
			};
		};
		F50DBC7B03EF11AF01A80001 = {
			fileRef = F50DBC7303EF102101A80001;
			isa = PBXBuildFile;
			settings = {
			};
		};
		F537475D03EECFD001A80001 = {
			buildActionMask = 2147483647;
			files = (
				F537476503EECFDA01A80001,
				F537476703EECFDB01A80001,
				F50DBC7403EF102101A80001,
			);
			isa = PBXHeadersBuildPhase;
			runOnlyForDeploymentPostprocessing = 0;
		};
		F537475E03EECFD001A80001 = {
			buildActionMask = 2147483647;
			files = (
				F537476603EECFDB01A80001,
				F537476803EECFDC01A80001,
				F537476B03EECFDD01A80001,
				F5570ECE03EED28B01A80001,
				F5570ED003EED34701A80001,
			);
			isa = PBXSourcesBuildPhase;
			runOnlyForDeploymentPostprocessing = 0;
		};
		F537475F03EECFD001A80001 = {
			buildActionMask = 2147483647;
			files = (
				F5570F0603EF029E01A80001,
			);
			isa = PBXFrameworksBuildPhase;
			runOnlyForDeploymentPostprocessing = 0;
		};
		F537476003EECFD001A80001 = {
			buildActionMask = 2147483647;
			files = (
			);
			isa = PBXRezBuildPhase;
			runOnlyForDeploymentPostprocessing = 0;
		};
		F537476103EECFD001A80001 = {
			buildPhases = (
				F537475D03EECFD001A80001,
				F537475E03EECFD001A80001,
				F537475F03EECFD001A80001,
				F537476003EECFD001A80001,
			);
			buildSettings = {
				OTHER_CFLAGS = "";
				OTHER_LDFLAGS = "-l tcl";
				OTHER_REZFLAGS = "";
				PRODUCT_NAME = dpagent;
				REZ_EXECUTABLE = YES;
				SECTORDER_FLAGS = "";
				WARNING_CFLAGS = "-Wmost -Wno-four-char-constants -Wno-unknown-pragmas";
			};
			dependencies = (
			);
			isa = PBXToolTarget;
			name = dpagent;
			productInstallPath = /usr/local/bin;
			productName = dptool;
			productReference = F537476203EECFD001A80001;
		};
		F537476203EECFD001A80001 = {
			isa = PBXExecutableFileReference;
			path = dpagent;
			refType = 3;
		};
		F537476403EECFD401A80001 = {
			isa = PBXTargetDependency;
			target = F537476103EECFD001A80001;
		};
		F537476503EECFDA01A80001 = {
			fileRef = 7292132B03674FB303CB2C3E;
			isa = PBXBuildFile;
			settings = {
			};
		};
		F537476603EECFDB01A80001 = {
			fileRef = 7292132C03674FB303CB2C3E;
			isa = PBXBuildFile;
			settings = {
			};
		};
		F537476703EECFDB01A80001 = {
			fileRef = 7211AAC2037048F303CB2C3E;
			isa = PBXBuildFile;
			settings = {
			};
		};
		F537476803EECFDC01A80001 = {
			fileRef = 7211AAC3037048F303CB2C3E;
			isa = PBXBuildFile;
			settings = {
			};
		};
		F537476B03EECFDD01A80001 = {
			fileRef = F56BF51E03EECEB601A80001;
			isa = PBXBuildFile;
			settings = {
			};
		};
		F53B80D503EED0B001A80001 = {
			fileEncoding = 30;
			isa = PBXFileReference;
			name = DPAgent.m;
			path = DPTool/DPAgent.m;
			refType = 2;
		};
		F5537E9603E9EB6301000113 = {
			isa = PBXFileReference;
			path = Clear.tiff;
			refType = 4;
		};
		F5537E9703E9EB6301000113 = {
			fileRef = F5537E9603E9EB6301000113;
			isa = PBXBuildFile;
			settings = {
			};
		};
		F5570ECE03EED28B01A80001 = {
			fileRef = F53B80D503EED0B001A80001;
			isa = PBXBuildFile;
			settings = {
			};
		};
		F5570ECF03EED34701A80001 = {
			fileEncoding = 30;
			isa = PBXFileReference;
			path = main.m;
			refType = 4;
		};
		F5570ED003EED34701A80001 = {
			fileRef = F5570ECF03EED34701A80001;
			isa = PBXBuildFile;
			settings = {
			};
		};
		F5570F0603EF029E01A80001 = {
			fileRef = 1058C7A1FEA54F0111CA2CBB;
			isa = PBXBuildFile;
			settings = {
			};
		};
		F55BD9B003E1F3CE0100010E = {
			children = (
				F55BD9B103E1F3CE0100010E,
			);
			isa = PBXVariantGroup;
			name = MainMenu.nib;
			path = "";
			refType = 4;
		};
		F55BD9B103E1F3CE0100010E = {
			isa = PBXFileReference;
			name = MainMenu.nib;
			path = English.lproj/MainMenu.nib;
			refType = 4;
		};
		F55BD9B203E1F3CE0100010E = {
			fileRef = F55BD9B003E1F3CE0100010E;
			isa = PBXBuildFile;
			settings = {
			};
		};
		F55BD9B603E1F9ED0100010E = {
			children = (
				F55BD9B703E1F9ED0100010E,
			);
			isa = PBXVariantGroup;
			name = Browser.nib;
			path = "";
			refType = 4;
		};
		F55BD9B703E1F9ED0100010E = {
			isa = PBXFileReference;
			name = Browser.nib;
			path = English.lproj/Browser.nib;
			refType = 4;
		};
		F55BD9B803E1F9ED0100010E = {
			fileRef = F55BD9B603E1F9ED0100010E;
			isa = PBXBuildFile;
			settings = {
			};
		};
		F55BD9B903E2088D0100010E = {
			children = (
				7292132B03674FB303CB2C3E,
				7292132C03674FB303CB2C3E,
				7211AAC2037048F303CB2C3E,
				7211AAC3037048F303CB2C3E,
				F56BF51E03EECEB601A80001,
				F53B80D503EED0B001A80001,
				F50DBC7303EF102101A80001,
				F5570ECF03EED34701A80001,
			);
			isa = PBXGroup;
			name = DPAgent;
			path = DPTool;
			refType = 4;
		};
		F55BD9BA03E208AE0100010E = {
			children = (
				F55BD9C503E20B870100010E,
				F55BD9C603E20B870100010E,
				F5CDFACA03771F7E017DB0C6,
				F5CDFACB03771F7E017DB0C6,
				F5EEC10003F95F2501A80001,
				F5EEC10103F95F2501A80001,
				05507AD104577B8300CA2DB2,
				05507AD204577B8300CA2DB2,
				05507AC80457744C00CA2DB2,
				05507AC90457744C00CA2DB2,
				05507ACA0457744C00CA2DB2,
				05507ACB0457744C00CA2DB2,
				29B97316FDCFA39411CA2CEA,
				29B97317FDCFA39411CA2CEA,
			);
			isa = PBXGroup;
			path = PMApp;
			refType = 4;
		};
		F55BD9C303E20A8B0100010E = {
			fileEncoding = 30;
			isa = PBXFileReference;
			path = Defaults.plist;
			refType = 4;
		};
		F55BD9C403E20A8B0100010E = {
			fileRef = F55BD9C303E20A8B0100010E;
			isa = PBXBuildFile;
			settings = {
			};
		};
		F55BD9C503E20B870100010E = {
			fileEncoding = 30;
			isa = PBXFileReference;
			path = PMApp.h;
			refType = 4;
		};
		F55BD9C603E20B870100010E = {
			fileEncoding = 30;
			isa = PBXFileReference;
			path = PMApp.m;
			refType = 4;
		};
		F55BD9C703E20B870100010E = {
			fileRef = F55BD9C503E20B870100010E;
			isa = PBXBuildFile;
			settings = {
			};
		};
		F55BD9C803E20B870100010E = {
			fileRef = F55BD9C603E20B870100010E;
			isa = PBXBuildFile;
			settings = {
			};
		};
		F56BF51E03EECEB601A80001 = {
			fileEncoding = 30;
			isa = PBXFileReference;
			name = DPAgent.h;
			path = ../DPTool/DPAgent.h;
			refType = 4;
		};
		F5AC4C9603E215FB0100010E = {
			fileRef = F5CDFACA03771F7E017DB0C6;
			isa = PBXBuildFile;
			settings = {
			};
		};
		F5AC4C9703E215FC0100010E = {
			fileRef = F5CDFACB03771F7E017DB0C6;
			isa = PBXBuildFile;
			settings = {
			};
		};
		F5CDFACA03771F7E017DB0C6 = {
			fileEncoding = 30;
			isa = PBXFileReference;
			path = PMBrowser.h;
			refType = 4;
		};
		F5CDFACB03771F7E017DB0C6 = {
			fileEncoding = 30;
			isa = PBXFileReference;
			path = PMBrowser.m;
			refType = 4;
		};
		F5EEC0FD03F83EF401A80001 = {
			children = (
				F5EEC0FE03F83EF401A80001,
			);
			isa = PBXVariantGroup;
			name = Console.nib;
			path = "";
			refType = 4;
		};
		F5EEC0FE03F83EF401A80001 = {
			isa = PBXFileReference;
			name = Console.nib;
			path = English.lproj/Console.nib;
			refType = 4;
		};
		F5EEC0FF03F83EF401A80001 = {
			fileRef = F5EEC0FD03F83EF401A80001;
			isa = PBXBuildFile;
			settings = {
			};
		};
		F5EEC10003F95F2501A80001 = {
			fileEncoding = 30;
			isa = PBXFileReference;
			path = PMConsole.h;
			refType = 4;
		};
		F5EEC10103F95F2501A80001 = {
			fileEncoding = 30;
			isa = PBXFileReference;
			path = PMConsole.m;
			refType = 4;
		};
		F5EEC10203F95F2501A80001 = {
			fileRef = F5EEC10003F95F2501A80001;
			isa = PBXBuildFile;
			settings = {
			};
		};
		F5EEC10303F95F2501A80001 = {
			fileRef = F5EEC10103F95F2501A80001;
			isa = PBXBuildFile;
			settings = {
			};
		};
		F5FE13B903EB1AF501A80001 = {
			fileEncoding = 10;
			isa = PBXFileReference;
			path = Localizable.strings;
			refType = 4;
		};
		F5FE13BA03EB1AF501A80001 = {
			fileRef = F5FE13B903EB1AF501A80001;
			isa = PBXBuildFile;
			settings = {
			};
		};
	};
	rootObject = 29B97313FDCFA39411CA2CEA;
}
